<?xml version="1.0" encoding="utf-8"?>
<Project ToolsVersion="4.0" xmlns="http://schemas.microsoft.com/developer/msbuild/2003">
  <ItemGroup>
    <ClCompile Include="Test.cpp" />
    <ClCompile Include="DisplacementDetector.cpp">
      <Filter>源文件</Filter>
    </ClCompile>
    <ClCompile Include="DisplacementDetectorImpl.cpp">
      <Filter>源文件</Filter>
    </ClCompile>
    <ClCompile Include="TemplateSettings.cpp">
      <Filter>源文件</Filter>
    </ClCompile>
  </ItemGroup>
  <ItemGroup>
    <ClInclude Include="DisplacementDetector.h">
      <Filter>头文件</Filter>
    </ClInclude>
    <ClInclude Include="DisplacementDetectorImpl.h">
      <Filter>头文件</Filter>
    </ClInclude>
    <ClInclude Include="TemplateSettings.h">
      <Filter>头文件</Filter>
    </ClInclude>
  </ItemGroup>
  <ItemGroup>
    <Filter Include="头文件">
      <UniqueIdentifier>{0bebb123-2bec-47ff-bf29-b7bde709ed40}</UniqueIdentifier>
    </Filter>
    <Filter Include="源文件">
      <UniqueIdentifier>{2c2d458b-e592-4e04-9c19-8b072e7cd4ec}</UniqueIdentifier>
    </Filter>
  </ItemGroup>
</Project>